{
  "name": "DominatorMusic",
  "version": "0.1.0",
  "lockfileVersion": 3,
  "requires": true,
  "packages": {
    "": {
      "name": "DominatorMusic",
      "version": "0.1.0",
      "dependencies": {
        "@radix-ui/react-dialog": "^1.1.1",
        "@radix-ui/react-dropdown-menu": "^2.0.6",
        "@radix-ui/react-progress": "^1.0.3",
        "@radix-ui/react-scroll-area": "^1.0.5",
        "@radix-ui/react-slider": "^1.1.2",
        "@radix-ui/react-slot": "^1.0.2",
        "@radix-ui/react-tooltip": "^1.0.7",
        "class-variance-authority": "^0.7.0",
        "clsx": "^2.1.0",
        "cmdk": "1.0.0",
        "lucide-react": "^0.314.0",
        "next": "^14.2.6",
        "next-pwa": "^2.0.2",
        "next-themes": "^0.2.1",
        "nextjs-toploader": "^1.6.4",
        "react": "^18",
        "react-dom": "^18",
        "react-hot-toast": "^2.4.1",
        "react-icons": "^5.3.0",
        "react-resizable-panels": "^1.0.9",
        "sonner": "^1.5.0",
        "tailwind-merge": "^2.2.1",
        "tailwindcss-animate": "^1.0.7",
        "vaul": "^0.9.1"
      },
      "devDependencies": {
        "autoprefixer": "^10.0.1",
        "postcss": "^8",
        "tailwindcss": "^3.3.0"
      }
    },
    "node_modules/@alloc/quick-lru": {
      "version": "5.2.0",
      "resolved": "https://registry.npmjs.org/@alloc/quick-lru/-/quick-lru-5.2.0.tgz",
      "integrity": "sha512-UrcABB+4bUrFABwbluTIBErXwvbsU/V7TZWfmbgJfbkwiBuziS9gxdODUyuiecfdGQ85jglMW6juS3+z5TsKLw==",
      "engines": {
        "node": ">=10"
      },
      "funding": {
        "url": "https://github.com/sponsors/sindresorhus"
      }
    },
    "node_modules/@babel/runtime": {
      "version": "7.23.8",
      "resolved": "https://registry.npmjs.org/@babel/runtime/-/runtime-7.23.8.tgz",
      "integrity": "sha512-Y7KbAP984rn1VGMbGqKmBLio9V7y5Je9GvU4rQPCPinCyNfUcToxIXl06d59URp/F3LwinvODxab5N/G6qggkw==",
      "dependencies": {
        "regenerator-runtime": "^0.14.0"
      },
      "engines": {
        "node": ">=6.9.0"
      }
    },
    "node_modules/@floating-ui/core": {
      "version": "1.5.3",
      "resolved": "https://registry.npmjs.org/@floating-ui/core/-/core-1.5.3.tgz",
      "integrity": "sha512-O0WKDOo0yhJuugCx6trZQj5jVJ9yR0ystG2JaNAemYUWce+pmM6WUEFIibnWyEJKdrDxhm75NoSRME35FNaM/Q==",
      "dependencies": {
        "@floating-ui/utils": "^0.2.0"
      }
    },
    "node_modules/@floating-ui/dom": {
      "version": "1.5.4",
      "resolved": "https://registry.npmjs.org/@floating-ui/dom/-/dom-1.5.4.tgz",
      "integrity": "sha512-jByEsHIY+eEdCjnTVu+E3ephzTOzkQ8hgUfGwos+bg7NlH33Zc5uO+QHz1mrQUOgIKKDD1RtS201P9NvAfq3XQ==",
      "dependencies": {
        "@floating-ui/core": "^1.5.3",
        "@floating-ui/utils": "^0.2.0"
      }
    },
    "node_modules/@floating-ui/react-dom": {
      "version": "2.0.6",
      "resolved": "https://registry.npmjs.org/@floating-ui/react-dom/-/react-dom-2.0.6.tgz",
      "integrity": "sha512-IB8aCRFxr8nFkdYZgH+Otd9EVQPJoynxeFRGTB8voPoZMRWo8XjYuCRgpI1btvuKY69XMiLnW+ym7zoBHM90Rw==",
      "dependencies": {
        "@floating-ui/dom": "^1.5.4"
      },
      "peerDependencies": {
        "react": ">=16.8.0",
        "react-dom": ">=16.8.0"
      }
    },
    "node_modules/@floating-ui/utils": {
      "version": "0.2.1",
      "resolved": "https://registry.npmjs.org/@floating-ui/utils/-/utils-0.2.1.tgz",
      "integrity": "sha512-9TANp6GPoMtYzQdt54kfAyMmz1+osLlXdg2ENroU7zzrtflTLrrC/lgrIfaSe+Wu0b89GKccT7vxXA0MoAIO+Q=="
    },
    "node_modules/@hapi/address": {
      "version": "2.1.4",
      "resolved": "https://registry.npmjs.org/@hapi/address/-/address-2.1.4.tgz",
      "integrity": "sha512-QD1PhQk+s31P1ixsX0H0Suoupp3VMXzIVMSwobR3F3MSUO2YCV0B7xqLcUw/Bh8yuvd3LhpyqLQWTNcRmp6IdQ==",
      "deprecated": "Moved to 'npm install @sideway/address'"
    },
    "node_modules/@hapi/bourne": {
      "version": "1.3.2",
      "resolved": "https://registry.npmjs.org/@hapi/bourne/-/bourne-1.3.2.tgz",
      "integrity": "sha512-1dVNHT76Uu5N3eJNTYcvxee+jzX4Z9lfciqRRHCU27ihbUcYi+iSc2iml5Ke1LXe1SyJCLA0+14Jh4tXJgOppA==",
      "deprecated": "This version has been deprecated and is no longer supported or maintained"
    },
    "node_modules/@hapi/hoek": {
      "version": "8.5.1",
      "resolved": "https://registry.npmjs.org/@hapi/hoek/-/hoek-8.5.1.tgz",
      "integrity": "sha512-yN7kbciD87WzLGc5539Tn0sApjyiGHAJgKvG9W8C7O+6c7qmoQMfVs0W4bX17eqz6C78QJqqFrtgdK5EWf6Qow==",
      "deprecated": "This version has been deprecated and is no longer supported or maintained"
    },
    "node_modules/@hapi/joi": {
      "version": "15.1.1",
      "resolved": "https://registry.npmjs.org/@hapi/joi/-/joi-15.1.1.tgz",
      "integrity": "sha512-entf8ZMOK8sc+8YfeOlM8pCfg3b5+WZIKBfUaaJT8UsjAAPjartzxIYm3TIbjvA4u+u++KbcXD38k682nVHDAQ==",
      "deprecated": "Switch to 'npm install joi'",
      "dependencies": {
        "@hapi/address": "2.x.x",
        "@hapi/bourne": "1.x.x",
        "@hapi/hoek": "8.x.x",
        "@hapi/topo": "3.x.x"
      }
    },
    "node_modules/@hapi/topo": {
      "version": "3.1.6",
      "resolved": "https://registry.npmjs.org/@hapi/topo/-/topo-3.1.6.tgz",
      "integrity": "sha512-tAag0jEcjwH+P2quUfipd7liWCNX2F8NvYjQp2wtInsZxnMlypdw0FtAOLxtvvkO+GSRRbmNi8m/5y42PQJYCQ==",
      "deprecated": "This version has been deprecated and is no longer supported or maintained",
      "dependencies": {
        "@hapi/hoek": "^8.3.0"
      }
    },
    "node_modules/@isaacs/cliui": {
      "version": "8.0.2",
      "resolved": "https://registry.npmjs.org/@isaacs/cliui/-/cliui-8.0.2.tgz",
      "integrity": "sha512-O8jcjabXaleOG9DQ0+ARXWZBTfnP4WNAqzuiJK7ll44AmxGKv/J2M4TPjxjY3znBCfvBXFzucm1twdyFybFqEA==",
      "dependencies": {
        "string-width": "^5.1.2",
        "string-width-cjs": "npm:string-width@^4.2.0",
        "strip-ansi": "^7.0.1",
        "strip-ansi-cjs": "npm:strip-ansi@^6.0.1",
        "wrap-ansi": "^8.1.0",
        "wrap-ansi-cjs": "npm:wrap-ansi@^7.0.0"
      },
      "engines": {
        "node": ">=12"
      }
    },
    "node_modules/@jridgewell/gen-mapping": {
      "version": "0.3.3",
      "resolved": "https://registry.npmjs.org/@jridgewell/gen-mapping/-/gen-mapping-0.3.3.tgz",
      "integrity": "sha512-HLhSWOLRi875zjjMG/r+Nv0oCW8umGb0BgEhyX3dDX3egwZtB8PqLnjz3yedt8R5StBrzcg4aBpnh8UA9D1BoQ==",
      "dependencies": {
        "@jridgewell/set-array": "^1.0.1",
        "@jridgewell/sourcemap-codec": "^1.4.10",
        "@jridgewell/trace-mapping": "^0.3.9"
      },
      "engines": {
        "node": ">=6.0.0"
      }
    },
    "node_modules/@jridgewell/resolve-uri": {
      "version": "3.1.1",
      "resolved": "https://registry.npmjs.org/@jridgewell/resolve-uri/-/resolve-uri-3.1.1.tgz",
      "integrity": "sha512-dSYZh7HhCDtCKm4QakX0xFpsRDqjjtZf/kjI/v3T3Nwt5r8/qz/M19F9ySyOqU94SXBmeG9ttTul+YnR4LOxFA==",
      "engines": {
        "node": ">=6.0.0"
      }
    },
    "node_modules/@jridgewell/set-array": {
      "version": "1.1.2",
      "resolved": "https://registry.npmjs.org/@jridgewell/set-array/-/set-array-1.1.2.tgz",
      "integrity": "sha512-xnkseuNADM0gt2bs+BvhO0p78Mk762YnZdsuzFV018NoG1Sj1SCQvpSqa7XUaTam5vAGasABV9qXASMKnFMwMw==",
      "engines": {
        "node": ">=6.0.0"
      }
    },
    "node_modules/@jridgewell/sourcemap-codec": {
      "version": "1.4.15",
      "resolved": "https://registry.npmjs.org/@jridgewell/sourcemap-codec/-/sourcemap-codec-1.4.15.tgz",
      "integrity": "sha512-eF2rxCRulEKXHTRiDrDy6erMYWqNw4LPdQ8UQA4huuxaQsVeRPFl2oM8oDGxMFhJUWZf9McpLtJasDDZb/Bpeg=="
    },
    "node_modules/@jridgewell/trace-mapping": {
      "version": "0.3.22",
      "resolved": "https://registry.npmjs.org/@jridgewell/trace-mapping/-/trace-mapping-0.3.22.tgz",
      "integrity": "sha512-Wf963MzWtA2sjrNt+g18IAln9lKnlRp+K2eH4jjIoF1wYeq3aMREpG09xhlhdzS0EjwU7qmUJYangWa+151vZw==",
      "dependencies": {
        "@jridgewell/resolve-uri": "^3.1.0",
        "@jridgewell/sourcemap-codec": "^1.4.14"
      }
    },
    "node_modules/@next/env": {
      "version": "14.2.24",
      "resolved": "https://registry.npmjs.org/@next/env/-/env-14.2.24.tgz",
      "integrity": "sha512-LAm0Is2KHTNT6IT16lxT+suD0u+VVfYNQqM+EJTKuFRRuY2z+zj01kueWXPCxbMBDt0B5vONYzabHGUNbZYAhA=="
    },
    "node_modules/@next/swc-darwin-arm64": {
      "version": "14.2.24",
      "resolved": "https://registry.npmjs.org/@next/swc-darwin-arm64/-/swc-darwin-arm64-14.2.24.tgz",
      "integrity": "sha512-7Tdi13aojnAZGpapVU6meVSpNzgrFwZ8joDcNS8cJVNuP3zqqrLqeory9Xec5TJZR/stsGJdfwo8KeyloT3+rQ==",
      "cpu": [
        "arm64"
      ],
      "optional": true,
      "os": [
        "darwin"
      ],
      "engines": {
        "node": ">= 10"
      }
    },
    "node_modules/@next/swc-darwin-x64": {
      "version": "14.2.24",
      "resolved": "https://registry.npmjs.org/@next/swc-darwin-x64/-/swc-darwin-x64-14.2.24.tgz",
      "integrity": "sha512-lXR2WQqUtu69l5JMdTwSvQUkdqAhEWOqJEYUQ21QczQsAlNOW2kWZCucA6b3EXmPbcvmHB1kSZDua/713d52xg==",
      "cpu": [
        "x64"
      ],
      "optional": true,
      "os": [
        "darwin"
      ],
      "engines": {
        "node": ">= 10"
      }
    },
    "node_modules/@next/swc-linux-arm64-gnu": {
      "version": "14.2.24",
      "resolved": "https://registry.npmjs.org/@next/swc-linux-arm64-gnu/-/swc-linux-arm64-gnu-14.2.24.tgz",
      "integrity": "sha512-nxvJgWOpSNmzidYvvGDfXwxkijb6hL9+cjZx1PVG6urr2h2jUqBALkKjT7kpfurRWicK6hFOvarmaWsINT1hnA==",
      "cpu": [
        "arm64"
      ],
      "optional": true,
      "os": [
        "linux"
      ],
      "engines": {
        "node": ">= 10"
      }
    },
    "node_modules/@next/swc-linux-arm64-musl": {
      "version": "14.2.24",
      "resolved": "https://registry.npmjs.org/@next/swc-linux-arm64-musl/-/swc-linux-arm64-musl-14.2.24.tgz",
      "integrity": "sha512-PaBgOPhqa4Abxa3y/P92F3kklNPsiFjcjldQGT7kFmiY5nuFn8ClBEoX8GIpqU1ODP2y8P6hio6vTomx2Vy0UQ==",
      "cpu": [
        "arm64"
      ],
      "optional": true,
      "os": [
        "linux"
      ],
      "engines": {
        "node": ">= 10"
      }
    },
    "node_modules/@next/swc-linux-x64-gnu": {
      "version": "14.2.24",
      "resolved": "https://registry.npmjs.org/@next/swc-linux-x64-gnu/-/swc-linux-x64-gnu-14.2.24.tgz",
      "integrity": "sha512-vEbyadiRI7GOr94hd2AB15LFVgcJZQWu7Cdi9cWjCMeCiUsHWA0U5BkGPuoYRnTxTn0HacuMb9NeAmStfBCLoQ==",
      "cpu": [
        "x64"
      ],
      "optional": true,
      "os": [
        "linux"
      ],
      "engines": {
        "node": ">= 10"
      }
    },
    "node_modules/@next/swc-linux-x64-musl": {
      "version": "14.2.24",
      "resolved": "https://registry.npmjs.org/@next/swc-linux-x64-musl/-/swc-linux-x64-musl-14.2.24.tgz",
      "integrity": "sha512-df0FC9ptaYsd8nQCINCzFtDWtko8PNRTAU0/+d7hy47E0oC17tI54U/0NdGk7l/76jz1J377dvRjmt6IUdkpzQ==",
      "cpu": [
        "x64"
      ],
      "optional": true,
      "os": [
        "linux"
      ],
      "engines": {
        "node": ">= 10"
      }
    },
    "node_modules/@next/swc-win32-arm64-msvc": {
      "version": "14.2.24",
      "resolved": "https://registry.npmjs.org/@next/swc-win32-arm64-msvc/-/swc-win32-arm64-msvc-14.2.24.tgz",
      "integrity": "sha512-ZEntbLjeYAJ286eAqbxpZHhDFYpYjArotQ+/TW9j7UROh0DUmX7wYDGtsTPpfCV8V+UoqHBPU7q9D4nDNH014Q==",
      "cpu": [
        "arm64"
      ],
      "optional": true,
      "os": [
        "win32"
      ],
      "engines": {
        "node": ">= 10"
      }
    },
    "node_modules/@next/swc-win32-ia32-msvc": {
      "version": "14.2.24",
      "resolved": "https://registry.npmjs.org/@next/swc-win32-ia32-msvc/-/swc-win32-ia32-msvc-14.2.24.tgz",
      "integrity": "sha512-9KuS+XUXM3T6v7leeWU0erpJ6NsFIwiTFD5nzNg8J5uo/DMIPvCp3L1Ao5HjbHX0gkWPB1VrKoo/Il4F0cGK2Q==",
      "cpu": [
        "ia32"
      ],
      "optional": true,
      "os": [
        "win32"
      ],
      "engines": {
        "node": ">= 10"
      }
    },
    "node_modules/@next/swc-win32-x64-msvc": {
      "version": "14.2.24",
      "resolved": "https://registry.npmjs.org/@next/swc-win32-x64-msvc/-/swc-win32-x64-msvc-14.2.24.tgz",
      "integrity": "sha512-cXcJ2+x0fXQ2CntaE00d7uUH+u1Bfp/E0HsNQH79YiLaZE5Rbm7dZzyAYccn3uICM7mw+DxoMqEfGXZtF4Fgaw==",
      "cpu": [
        "x64"
      ],
      "optional": true,
      "os": [
        "win32"
      ],
      "engines": {
        "node": ">= 10"
      }
    },
    "node_modules/@nodelib/fs.scandir": {
      "version": "2.1.5",
      "resolved": "https://registry.npmjs.org/@nodelib/fs.scandir/-/fs.scandir-2.1.5.tgz",
      "integrity": "sha512-vq24Bq3ym5HEQm2NKCr3yXDwjc7vTsEThRDnkp2DK9p1uqLR+DHurm/NOTo0KG7HYHU7eppKZj3MyqYuMBf62g==",
      "dependencies": {
        "@nodelib/fs.stat": "2.0.5",
        "run-parallel": "^1.1.9"
      },
      "engines": {
        "node": ">= 8"
      }
    },
    "node_modules/@nodelib/fs.stat": {
      "version": "2.0.5",
      "resolved": "https://registry.npmjs.org/@nodelib/fs.stat/-/fs.stat-2.0.5.tgz",
      "integrity": "sha512-RkhPPp2zrqDAQA/2jNhnztcPAlv64XdhIp7a7454A5ovI7Bukxgt7MX7udwAu3zg1DcpPU0rz3VV1SeaqvY4+A==",
      "engines": {
        "node": ">= 8"
      }
    },
    "node_modules/@nodelib/fs.walk": {
      "version": "1.2.8",
      "resolved": "https://registry.npmjs.org/@nodelib/fs.walk/-/fs.walk-1.2.8.tgz",
      "integrity": "sha512-oGB+UxlgWcgQkgwo8GcEGwemoTFt3FIO9ababBmaGwXIoBKZ+GTy0pP185beGg7Llih/NSHSV2XAs1lnznocSg==",
      "dependencies": {
        "@nodelib/fs.scandir": "2.1.5",
        "fastq": "^1.6.0"
      },
      "engines": {
        "node": ">= 8"
      }
    },
    "node_modules/@pkgjs/parseargs": {
      "version": "0.11.0",
      "resolved": "https://registry.npmjs.org/@pkgjs/parseargs/-/parseargs-0.11.0.tgz",
      "integrity": "sha512-+1VkjdD0QBLPodGrJUeqarH8VAIvQODIbwh9XpP5Syisf7YoQgsJKPNFoqqLQlu+VQ/tVSshMR6loPMn8U+dPg==",
      "optional": true,
      "engines": {
        "node": ">=14"
      }
    },
    "node_modules/@radix-ui/number": {
      "version": "1.0.1",
      "resolved": "https://registry.npmjs.org/@radix-ui/number/-/number-1.0.1.tgz",
      "integrity": "sha512-T5gIdVO2mmPW3NNhjNgEP3cqMXjXL9UbO0BzWcXfvdBs+BohbQxvd/K5hSVKmn9/lbTdsQVKbUcP5WLCwvUbBg==",
      "dependencies": {
        "@babel/runtime": "^7.13.10"
      }
    },
    "node_modules/@radix-ui/primitive": {
      "version": "1.0.1",
      "resolved": "https://registry.npmjs.org/@radix-ui/primitive/-/primitive-1.0.1.tgz",
      "integrity": "sha512-yQ8oGX2GVsEYMWGxcovu1uGWPCxV5BFfeeYxqPmuAzUyLT9qmaMXSAhXpb0WrspIeqYzdJpkh2vHModJPgRIaw==",
      "dependencies": {
        "@babel/runtime": "^7.13.10"
      }
    },
    "node_modules/@radix-ui/react-arrow": {
      "version": "1.0.3",
      "resolved": "https://registry.npmjs.org/@radix-ui/react-arrow/-/react-arrow-1.0.3.tgz",
      "integrity": "sha512-wSP+pHsB/jQRaL6voubsQ/ZlrGBHHrOjmBnr19hxYgtS0WvAFwZhK2WP/YY5yF9uKECCEEDGxuLxq1NBK51wFA==",
      "dependencies": {
        "@babel/runtime": "^7.13.10",
        "@radix-ui/react-primitive": "1.0.3"
      },
      "peerDependencies": {
        "@types/react": "*",
        "@types/react-dom": "*",
        "react": "^16.8 || ^17.0 || ^18.0",
        "react-dom": "^16.8 || ^17.0 || ^18.0"
      },
      "peerDependenciesMeta": {
        "@types/react": {
          "optional": true
        },
        "@types/react-dom": {
          "optional": true
        }
      }
    },
    "node_modules/@radix-ui/react-collection": {
      "version": "1.0.3",
      "resolved": "https://registry.npmjs.org/@radix-ui/react-collection/-/react-collection-1.0.3.tgz",
      "integrity": "sha512-3SzW+0PW7yBBoQlT8wNcGtaxaD0XSu0uLUFgrtHY08Acx05TaHaOmVLR73c0j/cqpDy53KBMO7s0dx2wmOIDIA==",
      "dependencies": {
        "@babel/runtime": "^7.13.10",
        "@radix-ui/react-compose-refs": "1.0.1",
        "@radix-ui/react-context": "1.0.1",
        "@radix-ui/react-primitive": "1.0.3",
        "@radix-ui/react-slot": "1.0.2"
      },
      "peerDependencies": {
        "@types/react": "*",
        "@types/react-dom": "*",
        "react": "^16.8 || ^17.0 || ^18.0",
        "react-dom": "^16.8 || ^17.0 || ^18.0"
      },
      "peerDependenciesMeta": {
        "@types/react": {
          "optional": true
        },
        "@types/react-dom": {
          "optional": true
        }
      }
    },
    "node_modules/@radix-ui/react-compose-refs": {
      "version": "1.0.1",
      "resolved": "https://registry.npmjs.org/@radix-ui/react-compose-refs/-/react-compose-refs-1.0.1.tgz",
      "integrity": "sha512-fDSBgd44FKHa1FRMU59qBMPFcl2PZE+2nmqunj+BWFyYYjnhIDWL2ItDs3rrbJDQOtzt5nIebLCQc4QRfz6LJw==",
      "dependencies": {
        "@babel/runtime": "^7.13.10"
      },
      "peerDependencies": {
        "@types/react": "*",
        "react": "^16.8 || ^17.0 || ^18.0"
      },
      "peerDependenciesMeta": {
        "@types/react": {
          "optional": true
        }
      }
    },
    "node_modules/@radix-ui/react-context": {
      "version": "1.0.1",
      "resolved": "https://registry.npmjs.org/@radix-ui/react-context/-/react-context-1.0.1.tgz",
      "integrity": "sha512-ebbrdFoYTcuZ0v4wG5tedGnp9tzcV8awzsxYph7gXUyvnNLuTIcCk1q17JEbnVhXAKG9oX3KtchwiMIAYp9NLg==",
      "dependencies": {
        "@babel/runtime": "^7.13.10"
      },
      "peerDependencies": {
        "@types/react": "*",
        "react": "^16.8 || ^17.0 || ^18.0"
      },
      "peerDependenciesMeta": {
        "@types/react": {
          "optional": true
        }
      }
    },
    "node_modules/@radix-ui/react-dialog": {
      "version": "1.1.2",
      "resolved": "https://registry.npmjs.org/@radix-ui/react-dialog/-/react-dialog-1.1.2.tgz",
      "integrity": "sha512-Yj4dZtqa2o+kG61fzB0H2qUvmwBA2oyQroGLyNtBj1beo1khoQ3q1a2AO8rrQYjd8256CO9+N8L9tvsS+bnIyA==",
      "license": "MIT",
      "dependencies": {
        "@radix-ui/primitive": "1.1.0",
        "@radix-ui/react-compose-refs": "1.1.0",
        "@radix-ui/react-context": "1.1.1",
        "@radix-ui/react-dismissable-layer": "1.1.1",
        "@radix-ui/react-focus-guards": "1.1.1",
        "@radix-ui/react-focus-scope": "1.1.0",
        "@radix-ui/react-id": "1.1.0",
        "@radix-ui/react-portal": "1.1.2",
        "@radix-ui/react-presence": "1.1.1",
        "@radix-ui/react-primitive": "2.0.0",
        "@radix-ui/react-slot": "1.1.0",
        "@radix-ui/react-use-controllable-state": "1.1.0",
        "aria-hidden": "^1.1.1",
        "react-remove-scroll": "2.6.0"
      },
      "peerDependencies": {
        "@types/react": "*",
        "@types/react-dom": "*",
        "react": "^16.8 || ^17.0 || ^18.0 || ^19.0 || ^19.0.0-rc",
        "react-dom": "^16.8 || ^17.0 || ^18.0 || ^19.0 || ^19.0.0-rc"
      },
      "peerDependenciesMeta": {
        "@types/react": {
          "optional": true
        },
        "@types/react-dom": {
          "optional": true
        }
      }
    },
    "node_modules/@radix-ui/react-dialog/node_modules/@radix-ui/primitive": {
      "version": "1.1.0",
      "resolved": "https://registry.npmjs.org/@radix-ui/primitive/-/primitive-1.1.0.tgz",
      "integrity": "sha512-4Z8dn6Upk0qk4P74xBhZ6Hd/w0mPEzOOLxy4xiPXOXqjF7jZS0VAKk7/x/H6FyY2zCkYJqePf1G5KmkmNJ4RBA==",
      "license": "MIT"
    },
    "node_modules/@radix-ui/react-dialog/node_modules/@radix-ui/react-compose-refs": {
      "version": "1.1.0",
      "resolved": "https://registry.npmjs.org/@radix-ui/react-compose-refs/-/react-compose-refs-1.1.0.tgz",
      "integrity": "sha512-b4inOtiaOnYf9KWyO3jAeeCG6FeyfY6ldiEPanbUjWd+xIk5wZeHa8yVwmrJ2vderhu/BQvzCrJI0lHd+wIiqw==",
      "license": "MIT",
      "peerDependencies": {
        "@types/react": "*",
        "react": "^16.8 || ^17.0 || ^18.0 || ^19.0 || ^19.0.0-rc"
      },
      "peerDependenciesMeta": {
        "@types/react": {
          "optional": true
        }
      }
    },
    "node_modules/@radix-ui/react-dialog/node_modules/@radix-ui/react-context": {
      "version": "1.1.1",
      "resolved": "https://registry.npmjs.org/@radix-ui/react-context/-/react-context-1.1.1.tgz",
      "integrity": "sha512-
